
Microsoft Visual Studio Solution File, Format Version 12.00
# Visual Studio 15
VisualStudioVersion = 15.0.27703.2042
MinimumVisualStudioVersion = 10.0.40219.1
Project("{FAE04EC0-301F-11D3-BF4B-00C04F79EFBC}") = "DiaryScheduler.Web", "DiaryScheduler.Web\DiaryScheduler.Web.csproj", "{08B8790B-C786-4FA5-9742-6B84CB008E15}"
EndProject
Project("{2150E333-8FDC-42A3-9474-1A3956D46DE8}") = "Presentation", "Presentation", "{31160D14-92EB-4715-9743-DD35F219FA4B}"
EndProject
Project("{2150E333-8FDC-42A3-9474-1A3956D46DE8}") = "Infastructure", "Infastructure", "{5E6B638D-43B7-412A-B272-A3C8D072251A}"
EndProject
Project("{FAE04EC0-301F-11D3-BF4B-00C04F79EFBC}") = "DiaryScheduler.DependencyResolution", "DiaryScheduler.DependencyResolution\DiaryScheduler.DependencyResolution.csproj", "{C43E4339-C440-449E-9095-271768078680}"
EndProject
Project("{FAE04EC0-301F-11D3-BF4B-00C04F79EFBC}") = "DiaryScheduler.Data", "DiaryScheduler.Data\DiaryScheduler.Data.csproj", "{B477E728-E932-4DB0-AA97-0DEC92C9DE48}"
EndProject
Project("{FAE04EC0-301F-11D3-BF4B-00C04F79EFBC}") = "DiaryScheduler.ScheduleManagement.Data", "DiaryScheduler.ScheduleManagement.Data\DiaryScheduler.ScheduleManagement.Data.csproj", "{9C7C173A-079B-4809-AF03-0108D78C0358}"
EndProject
Project("{FAE04EC0-301F-11D3-BF4B-00C04F79EFBC}") = "DiaryScheduler.ScheduleManagement.Core", "DiaryScheduler.ScheduleManagement.Core\DiaryScheduler.ScheduleManagement.Core.csproj", "{2E65BDC1-3EA8-4A49-84A6-2740CFECB225}"
EndProject
Global
	GlobalSection(SolutionConfigurationPlatforms) = preSolution
		Debug|Any CPU = Debug|Any CPU
		Release|Any CPU = Release|Any CPU
	EndGlobalSection
	GlobalSection(ProjectConfigurationPlatforms) = postSolution
		{08B8790B-C786-4FA5-9742-6B84CB008E15}.Debug|Any CPU.ActiveCfg = Debug|Any CPU
		{08B8790B-C786-4FA5-9742-6B84CB008E15}.Debug|Any CPU.Build.0 = Debug|Any CPU
		{08B8790B-C786-4FA5-9742-6B84CB008E15}.Release|Any CPU.ActiveCfg = Release|Any CPU
		{08B8790B-C786-4FA5-9742-6B84CB008E15}.Release|Any CPU.Build.0 = Release|Any CPU
		{C43E4339-C440-449E-9095-271768078680}.Debug|Any CPU.ActiveCfg = Debug|Any CPU
		{C43E4339-C440-449E-9095-271768078680}.Debug|Any CPU.Build.0 = Debug|Any CPU
		{C43E4339-C440-449E-9095-271768078680}.Release|Any CPU.ActiveCfg = Release|Any CPU
		{C43E4339-C440-449E-9095-271768078680}.Release|Any CPU.Build.0 = Release|Any CPU
		{B477E728-E932-4DB0-AA97-0DEC92C9DE48}.Debug|Any CPU.ActiveCfg = Debug|Any CPU
		{B477E728-E932-4DB0-AA97-0DEC92C9DE48}.Debug|Any CPU.Build.0 = Debug|Any CPU
		{B477E728-E932-4DB0-AA97-0DEC92C9DE48}.Release|Any CPU.ActiveCfg = Release|Any CPU
		{B477E728-E932-4DB0-AA97-0DEC92C9DE48}.Release|Any CPU.Build.0 = Release|Any CPU
		{9C7C173A-079B-4809-AF03-0108D78C0358}.Debug|Any CPU.ActiveCfg = Debug|Any CPU
		{9C7C173A-079B-4809-AF03-0108D78C0358}.Debug|Any CPU.Build.0 = Debug|Any CPU
		{9C7C173A-079B-4809-AF03-0108D78C0358}.Release|Any CPU.ActiveCfg = Release|Any CPU
		{9C7C173A-079B-4809-AF03-0108D78C0358}.Release|Any CPU.Build.0 = Release|Any CPU
		{2E65BDC1-3EA8-4A49-84A6-2740CFECB225}.Debug|Any CPU.ActiveCfg = Debug|Any CPU
		{2E65BDC1-3EA8-4A49-84A6-2740CFECB225}.Debug|Any CPU.Build.0 = Debug|Any CPU
		{2E65BDC1-3EA8-4A49-84A6-2740CFECB225}.Release|Any CPU.ActiveCfg = Release|Any CPU
		{2E65BDC1-3EA8-4A49-84A6-2740CFECB225}.Release|Any CPU.Build.0 = Release|Any CPU
	EndGlobalSection
	GlobalSection(SolutionProperties) = preSolution
		HideSolutionNode = FALSE
	EndGlobalSection
	GlobalSection(NestedProjects) = preSolution
		{08B8790B-C786-4FA5-9742-6B84CB008E15} = {31160D14-92EB-4715-9743-DD35F219FA4B}
		{C43E4339-C440-449E-9095-271768078680} = {5E6B638D-43B7-412A-B272-A3C8D072251A}
		{B477E728-E932-4DB0-AA97-0DEC92C9DE48} = {5E6B638D-43B7-412A-B272-A3C8D072251A}
		{9C7C173A-079B-4809-AF03-0108D78C0358} = {5E6B638D-43B7-412A-B272-A3C8D072251A}
		{2E65BDC1-3EA8-4A49-84A6-2740CFECB225} = {5E6B638D-43B7-412A-B272-A3C8D072251A}
	EndGlobalSection
	GlobalSection(ExtensibilityGlobals) = postSolution
		SolutionGuid = {A1D1F504-E29C-48F9-BED2-A0DD86AB63E9}
	EndGlobalSection
EndGlobal
