
Microsoft Visual Studio Solution File, Format Version 12.00
# Visual Studio Version 16
VisualStudioVersion = 16.0.31729.503
MinimumVisualStudioVersion = 10.0.40219.1
Project("{2150E333-8FDC-42A3-9474-1A3956D46DE8}") = "Presentation", "Presentation", "{31160D14-92EB-4715-9743-DD35F219FA4B}"
EndProject
Project("{2150E333-8FDC-42A3-9474-1A3956D46DE8}") = "Infastructure", "Infastructure", "{5E6B638D-43B7-412A-B272-A3C8D072251A}"
EndProject
Project("{9A19103F-16F7-4668-BE54-9A1E7A4F7556}") = "DiaryScheduler.DependencyResolution", "DiaryScheduler.DependencyResolution\DiaryScheduler.DependencyResolution.csproj", "{108A98BE-96AE-467D-921B-2BC49D975E94}"
EndProject
Project("{9A19103F-16F7-4668-BE54-9A1E7A4F7556}") = "DiaryScheduler.Data", "DiaryScheduler.Data\DiaryScheduler.Data.csproj", "{0D8582AE-A513-4FBB-8CAD-E1C6F5D8D5D6}"
EndProject
Project("{9A19103F-16F7-4668-BE54-9A1E7A4F7556}") = "DiaryScheduler.ScheduleManagement.Core", "DiaryScheduler.ScheduleManagement.Core\DiaryScheduler.ScheduleManagement.Core.csproj", "{AAB72AAD-12CB-4620-85A6-ED9F764829A3}"
EndProject
Project("{9A19103F-16F7-4668-BE54-9A1E7A4F7556}") = "DiaryScheduler.ScheduleManagement.Data", "DiaryScheduler.ScheduleManagement.Data\DiaryScheduler.ScheduleManagement.Data.csproj", "{36A38AB3-27BD-4FEC-BBD9-0DBD832763F7}"
EndProject
Project("{9A19103F-16F7-4668-BE54-9A1E7A4F7556}") = "DiaryScheduler.Presentation.Web", "DiaryScheduler.Presentation.Web\DiaryScheduler.Presentation.Web.csproj", "{BAFD1D3E-4F6D-4AC0-8FA9-3325D43B1381}"
EndProject
Project("{9A19103F-16F7-4668-BE54-9A1E7A4F7556}") = "DiaryScheduler.Presentation.Models", "DiaryScheduler.Presentation.Models\DiaryScheduler.Presentation.Models.csproj", "{BD3546AC-422D-4479-967B-9CD86EDCB659}"
EndProject
Project("{9A19103F-16F7-4668-BE54-9A1E7A4F7556}") = "DiaryScheduler.Presentation.Services", "DiaryScheduler.Presentation.Services\DiaryScheduler.Presentation.Services.csproj", "{DBDE4309-FB48-4784-A16B-3F620667D29E}"
EndProject
Project("{9A19103F-16F7-4668-BE54-9A1E7A4F7556}") = "DiaryScheduler.Presentation.Services.Tests", "DiaryScheduler.Presentation.Services.Tests\DiaryScheduler.Presentation.Services.Tests.csproj", "{E57F8866-9919-4892-B633-3A4AEB191122}"
EndProject
Project("{2150E333-8FDC-42A3-9474-1A3956D46DE8}") = "Api", "Api", "{32930918-B87D-4D30-AE95-5578C50EB510}"
EndProject
Project("{FAE04EC0-301F-11D3-BF4B-00C04F79EFBC}") = "DiaryScheduler.Api", "DiaryScheduler.Api\DiaryScheduler.Api.csproj", "{18F129B5-1BB4-4529-8FD3-7F874767262B}"
EndProject
Project("{FAE04EC0-301F-11D3-BF4B-00C04F79EFBC}") = "DiaryScheduler.Api.Services", "DiaryScheduler.Api.Services\DiaryScheduler.Api.Services.csproj", "{1A10E879-35A7-482C-92F7-86D7839F4608}"
EndProject
Global
	GlobalSection(SolutionConfigurationPlatforms) = preSolution
		Debug|Any CPU = Debug|Any CPU
		Release|Any CPU = Release|Any CPU
	EndGlobalSection
	GlobalSection(ProjectConfigurationPlatforms) = postSolution
		{108A98BE-96AE-467D-921B-2BC49D975E94}.Debug|Any CPU.ActiveCfg = Debug|Any CPU
		{108A98BE-96AE-467D-921B-2BC49D975E94}.Debug|Any CPU.Build.0 = Debug|Any CPU
		{108A98BE-96AE-467D-921B-2BC49D975E94}.Release|Any CPU.ActiveCfg = Release|Any CPU
		{108A98BE-96AE-467D-921B-2BC49D975E94}.Release|Any CPU.Build.0 = Release|Any CPU
		{0D8582AE-A513-4FBB-8CAD-E1C6F5D8D5D6}.Debug|Any CPU.ActiveCfg = Debug|Any CPU
		{0D8582AE-A513-4FBB-8CAD-E1C6F5D8D5D6}.Debug|Any CPU.Build.0 = Debug|Any CPU
		{0D8582AE-A513-4FBB-8CAD-E1C6F5D8D5D6}.Release|Any CPU.ActiveCfg = Release|Any CPU
		{0D8582AE-A513-4FBB-8CAD-E1C6F5D8D5D6}.Release|Any CPU.Build.0 = Release|Any CPU
		{AAB72AAD-12CB-4620-85A6-ED9F764829A3}.Debug|Any CPU.ActiveCfg = Debug|Any CPU
		{AAB72AAD-12CB-4620-85A6-ED9F764829A3}.Debug|Any CPU.Build.0 = Debug|Any CPU
		{AAB72AAD-12CB-4620-85A6-ED9F764829A3}.Release|Any CPU.ActiveCfg = Release|Any CPU
		{AAB72AAD-12CB-4620-85A6-ED9F764829A3}.Release|Any CPU.Build.0 = Release|Any CPU
		{36A38AB3-27BD-4FEC-BBD9-0DBD832763F7}.Debug|Any CPU.ActiveCfg = Debug|Any CPU
		{36A38AB3-27BD-4FEC-BBD9-0DBD832763F7}.Debug|Any CPU.Build.0 = Debug|Any CPU
		{36A38AB3-27BD-4FEC-BBD9-0DBD832763F7}.Release|Any CPU.ActiveCfg = Release|Any CPU
		{36A38AB3-27BD-4FEC-BBD9-0DBD832763F7}.Release|Any CPU.Build.0 = Release|Any CPU
		{BAFD1D3E-4F6D-4AC0-8FA9-3325D43B1381}.Debug|Any CPU.ActiveCfg = Debug|Any CPU
		{BAFD1D3E-4F6D-4AC0-8FA9-3325D43B1381}.Debug|Any CPU.Build.0 = Debug|Any CPU
		{BAFD1D3E-4F6D-4AC0-8FA9-3325D43B1381}.Release|Any CPU.ActiveCfg = Release|Any CPU
		{BAFD1D3E-4F6D-4AC0-8FA9-3325D43B1381}.Release|Any CPU.Build.0 = Release|Any CPU
		{BD3546AC-422D-4479-967B-9CD86EDCB659}.Debug|Any CPU.ActiveCfg = Debug|Any CPU
		{BD3546AC-422D-4479-967B-9CD86EDCB659}.Debug|Any CPU.Build.0 = Debug|Any CPU
		{BD3546AC-422D-4479-967B-9CD86EDCB659}.Release|Any CPU.ActiveCfg = Release|Any CPU
		{BD3546AC-422D-4479-967B-9CD86EDCB659}.Release|Any CPU.Build.0 = Release|Any CPU
		{DBDE4309-FB48-4784-A16B-3F620667D29E}.Debug|Any CPU.ActiveCfg = Debug|Any CPU
		{DBDE4309-FB48-4784-A16B-3F620667D29E}.Debug|Any CPU.Build.0 = Debug|Any CPU
		{DBDE4309-FB48-4784-A16B-3F620667D29E}.Release|Any CPU.ActiveCfg = Release|Any CPU
		{DBDE4309-FB48-4784-A16B-3F620667D29E}.Release|Any CPU.Build.0 = Release|Any CPU
		{E57F8866-9919-4892-B633-3A4AEB191122}.Debug|Any CPU.ActiveCfg = Debug|Any CPU
		{E57F8866-9919-4892-B633-3A4AEB191122}.Debug|Any CPU.Build.0 = Debug|Any CPU
		{E57F8866-9919-4892-B633-3A4AEB191122}.Release|Any CPU.ActiveCfg = Release|Any CPU
		{E57F8866-9919-4892-B633-3A4AEB191122}.Release|Any CPU.Build.0 = Release|Any CPU
		{18F129B5-1BB4-4529-8FD3-7F874767262B}.Debug|Any CPU.ActiveCfg = Debug|Any CPU
		{18F129B5-1BB4-4529-8FD3-7F874767262B}.Debug|Any CPU.Build.0 = Debug|Any CPU
		{18F129B5-1BB4-4529-8FD3-7F874767262B}.Release|Any CPU.ActiveCfg = Release|Any CPU
		{18F129B5-1BB4-4529-8FD3-7F874767262B}.Release|Any CPU.Build.0 = Release|Any CPU
		{1A10E879-35A7-482C-92F7-86D7839F4608}.Debug|Any CPU.ActiveCfg = Debug|Any CPU
		{1A10E879-35A7-482C-92F7-86D7839F4608}.Debug|Any CPU.Build.0 = Debug|Any CPU
		{1A10E879-35A7-482C-92F7-86D7839F4608}.Release|Any CPU.ActiveCfg = Release|Any CPU
		{1A10E879-35A7-482C-92F7-86D7839F4608}.Release|Any CPU.Build.0 = Release|Any CPU
	EndGlobalSection
	GlobalSection(SolutionProperties) = preSolution
		HideSolutionNode = FALSE
	EndGlobalSection
	GlobalSection(NestedProjects) = preSolution
		{108A98BE-96AE-467D-921B-2BC49D975E94} = {5E6B638D-43B7-412A-B272-A3C8D072251A}
		{0D8582AE-A513-4FBB-8CAD-E1C6F5D8D5D6} = {5E6B638D-43B7-412A-B272-A3C8D072251A}
		{AAB72AAD-12CB-4620-85A6-ED9F764829A3} = {5E6B638D-43B7-412A-B272-A3C8D072251A}
		{36A38AB3-27BD-4FEC-BBD9-0DBD832763F7} = {5E6B638D-43B7-412A-B272-A3C8D072251A}
		{BAFD1D3E-4F6D-4AC0-8FA9-3325D43B1381} = {31160D14-92EB-4715-9743-DD35F219FA4B}
		{BD3546AC-422D-4479-967B-9CD86EDCB659} = {31160D14-92EB-4715-9743-DD35F219FA4B}
		{DBDE4309-FB48-4784-A16B-3F620667D29E} = {31160D14-92EB-4715-9743-DD35F219FA4B}
		{E57F8866-9919-4892-B633-3A4AEB191122} = {31160D14-92EB-4715-9743-DD35F219FA4B}
		{18F129B5-1BB4-4529-8FD3-7F874767262B} = {32930918-B87D-4D30-AE95-5578C50EB510}
		{1A10E879-35A7-482C-92F7-86D7839F4608} = {32930918-B87D-4D30-AE95-5578C50EB510}
	EndGlobalSection
	GlobalSection(ExtensibilityGlobals) = postSolution
		SolutionGuid = {A1D1F504-E29C-48F9-BED2-A0DD86AB63E9}
	EndGlobalSection
EndGlobal
